
Microsoft Visual Studio Solution File, Format Version 12.00
# Visual Studio Version 17
VisualStudioVersion = 17.10.34607.79
MinimumVisualStudioVersion = 10.0.40219.1
Project("{9A19103F-16F7-4668-BE54-9A1E7A4F7556}") = "StatisticsCreatorModule", "StatisticsCreatorModule.csproj", "{F11E58DE-4FA3-4FB9-9174-187343EBF3C6}"
EndProject
Project("{FAE04EC0-301F-11D3-BF4B-00C04F79EFBC}") = "PlayerPositioningWIndow", "..\PlayerPositioningWIndow\PlayerPositioningWIndow.csproj", "{BCC5EADB-EAE7-4223-B281-F4EDC4995F37}"
EndProject
Global
	GlobalSection(SolutionConfigurationPlatforms) = preSolution
		Debug|Any CPU = Debug|Any CPU
		Release|Any CPU = Release|Any CPU
	EndGlobalSection
	GlobalSection(ProjectConfigurationPlatforms) = postSolution
		{F11E58DE-4FA3-4FB9-9174-187343EBF3C6}.Debug|Any CPU.ActiveCfg = Debug|Any CPU
		{F11E58DE-4FA3-4FB9-9174-187343EBF3C6}.Debug|Any CPU.Build.0 = Debug|Any CPU
		{F11E58DE-4FA3-4FB9-9174-187343EBF3C6}.Release|Any CPU.ActiveCfg = Release|Any CPU
		{F11E58DE-4FA3-4FB9-9174-187343EBF3C6}.Release|Any CPU.Build.0 = Release|Any CPU
		{BCC5EADB-EAE7-4223-B281-F4EDC4995F37}.Debug|Any CPU.ActiveCfg = Debug|Any CPU
		{BCC5EADB-EAE7-4223-B281-F4EDC4995F37}.Debug|Any CPU.Build.0 = Debug|Any CPU
		{BCC5EADB-EAE7-4223-B281-F4EDC4995F37}.Release|Any CPU.ActiveCfg = Release|Any CPU
		{BCC5EADB-EAE7-4223-B281-F4EDC4995F37}.Release|Any CPU.Build.0 = Release|Any CPU
	EndGlobalSection
	GlobalSection(SolutionProperties) = preSolution
		HideSolutionNode = FALSE
	EndGlobalSection
	GlobalSection(ExtensibilityGlobals) = postSolution
		SolutionGuid = {F1ACB6D5-0C04-4F45-935C-6FA1E0E2E456}
	EndGlobalSection
EndGlobal
