
Microsoft Visual Studio Solution File, Format Version 12.00
# Visual Studio Version 17
VisualStudioVersion = 17.10.34607.79
MinimumVisualStudioVersion = 10.0.40219.1
Project("{FAE04EC0-301F-11D3-BF4B-00C04F79EFBC}") = "InterfaceShell", "InterfaceShell.csproj", "{B4B14580-3C18-4DFF-8585-74A6176538C2}"
EndProject
Global
	GlobalSection(SolutionConfigurationPlatforms) = preSolution
		Debug|Any CPU = Debug|Any CPU
		Release|Any CPU = Release|Any CPU
	EndGlobalSection
	GlobalSection(ProjectConfigurationPlatforms) = postSolution
		{B4B14580-3C18-4DFF-8585-74A6176538C2}.Debug|Any CPU.ActiveCfg = Debug|Any CPU
		{B4B14580-3C18-4DFF-8585-74A6176538C2}.Debug|Any CPU.Build.0 = Debug|Any CPU
		{B4B14580-3C18-4DFF-8585-74A6176538C2}.Release|Any CPU.ActiveCfg = Release|Any CPU
		{B4B14580-3C18-4DFF-8585-74A6176538C2}.Release|Any CPU.Build.0 = Release|Any CPU
	EndGlobalSection
	GlobalSection(SolutionProperties) = preSolution
		HideSolutionNode = FALSE
	EndGlobalSection
	GlobalSection(ExtensibilityGlobals) = postSolution
		SolutionGuid = {4F6070C5-1E97-41A5-9526-98F7FC76817D}
	EndGlobalSection
EndGlobal
